{
    "name": "@anthony809/svelte-editor",
    "version": "0.0.3",
    "lockfileVersion": 2,
    "requires": true,
    "packages": {
        "": {
            "name": "@anthony809/svelte-editor",
            "version": "0.0.3",
            "license": "ISC",
            "dependencies": {
                "@anthony809/svelte-editor": "^0.0.3",
                "highlight.js": "^11.7.0"
            }
        },
        "node_modules/@anthony809/svelte-editor": {
            "version": "0.0.3",
            "resolved": "https://registry.npmjs.org/@anthony809/svelte-editor/-/svelte-editor-0.0.3.tgz",
            "integrity": "sha512-CAOQALoblyj9X+b/D9xxi9ms2K3nGJyw25tNcQJ/V4AWGJ8FFq+zBTqobJrErNdWggFIUqx6FUY98fco07+1Lw==",
            "dependencies": {
                "highlight.js": "^11.7.0"
            }
        },
        "node_modules/highlight.js": {
            "version": "11.7.0",
            "resolved": "https://registry.npmjs.org/highlight.js/-/highlight.js-11.7.0.tgz",
            "integrity": "sha512-1rRqesRFhMO/PRF+G86evnyJkCgaZFOI+Z6kdj15TA18funfoqJXvgPCLSf0SWq3SRfg1j3HlDs8o4s3EGq1oQ==",
            "engines": {
                "node": ">=12.0.0"
            }
        }
    },
    "dependencies": {
        "@anthony809/svelte-editor": {
            "version": "0.0.3",
            "resolved": "https://registry.npmjs.org/@anthony809/svelte-editor/-/svelte-editor-0.0.3.tgz",
            "integrity": "sha512-CAOQALoblyj9X+b/D9xxi9ms2K3nGJyw25tNcQJ/V4AWGJ8FFq+zBTqobJrErNdWggFIUqx6FUY98fco07+1Lw==",
            "requires": {
                "highlight.js": "^11.7.0"
            }
        },
        "highlight.js": {
            "version": "11.7.0",
            "resolved": "https://registry.npmjs.org/highlight.js/-/highlight.js-11.7.0.tgz",
            "integrity": "sha512-1rRqesRFhMO/PRF+G86evnyJkCgaZFOI+Z6kdj15TA18funfoqJXvgPCLSf0SWq3SRfg1j3HlDs8o4s3EGq1oQ=="
        }
    }
}
